// !$*UTF8*$!
{
	archiveVersion = 1;
	classes = {
	};
	objectVersion = 46;
	objects = {

/* Begin PBXBuildFile section */
		B0A78C991D1BA61E0000D18E /* AppDelegate.swift in Sources */ = {isa = PBXBuildFile; fileRef = B0A78C981D1BA61E0000D18E /* AppDelegate.swift */; };
		B0A78C9B1D1BA61E0000D18E /* ViewController.swift in Sources */ = {isa = PBXBuildFile; fileRef = B0A78C9A1D1BA61E0000D18E /* ViewController.swift */; };
		B0A78CA01D1BA61E0000D18E /* Assets.xcassets in Resources */ = {isa = PBXBuildFile; fileRef = B0A78C9F1D1BA61E0000D18E /* Assets.xcassets */; };
		B0A78CA31D1BA61E0000D18E /* LaunchScreen.storyboard in Resources */ = {isa = PBXBuildFile; fileRef = B0A78CA11D1BA61E0000D18E /* LaunchScreen.storyboard */; };
		B0A78CAE1D1BA61E0000D18E /* TabbarControllerDoubleClickTests.swift in Sources */ = {isa = PBXBuildFile; fileRef = B0A78CAD1D1BA61E0000D18E /* TabbarControllerDoubleClickTests.swift */; };
		B0A78CB91D1BA61E0000D18E /* TabbarControllerDoubleClickUITests.swift in Sources */ = {isa = PBXBuildFile; fileRef = B0A78CB81D1BA61E0000D18E /* TabbarControllerDoubleClickUITests.swift */; };
		B0A78CC71D1BC3A30000D18E /* AViewController.swift in Sources */ = {isa = PBXBuildFile; fileRef = B0A78CC61D1BC3A30000D18E /* AViewController.swift */; };
		B0A78CC91D1BC3AA0000D18E /* BViewController.swift in Sources */ = {isa = PBXBuildFile; fileRef = B0A78CC81D1BC3AA0000D18E /* BViewController.swift */; };
		B0A78CCB1D1BDEB00000D18E /* AnimationView.swift in Sources */ = {isa = PBXBuildFile; fileRef = B0A78CCA1D1BDEB00000D18E /* AnimationView.swift */; };
		B0A78CCD1D1BDEEE0000D18E /* CircleLayer.swift in Sources */ = {isa = PBXBuildFile; fileRef = B0A78CCC1D1BDEEE0000D18E /* CircleLayer.swift */; };
		B0A78CCF1D1BEB0F0000D18E /* RectangleLayer.swift in Sources */ = {isa = PBXBuildFile; fileRef = B0A78CCE1D1BEB0F0000D18E /* RectangleLayer.swift */; };
		B0A78CD11D1BF9050000D18E /* TriangleLayer.swift in Sources */ = {isa = PBXBuildFile; fileRef = B0A78CD01D1BF9050000D18E /* TriangleLayer.swift */; };
		B0A78CD31D1C021A0000D18E /* WaveLayer.swift in Sources */ = {isa = PBXBuildFile; fileRef = B0A78CD21D1C021A0000D18E /* WaveLayer.swift */; };
		B0A78CD71D1CDC110000D18E /* CHFreshLayer.swift in Sources */ = {isa = PBXBuildFile; fileRef = B0A78CD61D1CDC110000D18E /* CHFreshLayer.swift */; };
		B0A78CD91D1CDC340000D18E /* CHBossHeaderView.swift in Sources */ = {isa = PBXBuildFile; fileRef = B0A78CD81D1CDC340000D18E /* CHBossHeaderView.swift */; };
		DFC050BCAAB22B3355BF56D1 /* Pods_TabbarControllerDoubleClick.framework in Frameworks */ = {isa = PBXBuildFile; fileRef = C6F7713FCF1B2E78F7DD43ED /* Pods_TabbarControllerDoubleClick.framework */; };
/* End PBXBuildFile section */

/* Begin PBXContainerItemProxy section */
		B0A78CAA1D1BA61E0000D18E /* PBXContainerItemProxy */ = {
			isa = PBXContainerItemProxy;
			containerPortal = B0A78C8D1D1BA61E0000D18E /* Project object */;
			proxyType = 1;
			remoteGlobalIDString = B0A78C941D1BA61E0000D18E;
			remoteInfo = TabbarControllerDoubleClick;
		};
		B0A78CB51D1BA61E0000D18E /* PBXContainerItemProxy */ = {
			isa = PBXContainerItemProxy;
			containerPortal = B0A78C8D1D1BA61E0000D18E /* Project object */;
			proxyType = 1;
			remoteGlobalIDString = B0A78C941D1BA61E0000D18E;
			remoteInfo = TabbarControllerDoubleClick;
		};
/* End PBXContainerItemProxy section */

/* Begin PBXFileReference section */
		76F0E4CBCF8A417C20338516 /* Pods-TabbarControllerDoubleClick.release.xcconfig */ = {isa = PBXFileReference; includeInIndex = 1; lastKnownFileType = text.xcconfig; name = "Pods-TabbarControllerDoubleClick.release.xcconfig"; path = "Pods/Target Support Files/Pods-TabbarControllerDoubleClick/Pods-TabbarControllerDoubleClick.release.xcconfig"; sourceTree = "<group>"; };
		B0A78C951D1BA61E0000D18E /* TabbarControllerDoubleClick.app */ = {isa = PBXFileReference; explicitFileType = wrapper.application; includeInIndex = 0; path = TabbarControllerDoubleClick.app; sourceTree = BUILT_PRODUCTS_DIR; };
		B0A78C981D1BA61E0000D18E /* AppDelegate.swift */ = {isa = PBXFileReference; lastKnownFileType = sourcecode.swift; path = AppDelegate.swift; sourceTree = "<group>"; };
		B0A78C9A1D1BA61E0000D18E /* ViewController.swift */ = {isa = PBXFileReference; lastKnownFileType = sourcecode.swift; path = ViewController.swift; sourceTree = "<group>"; };
		B0A78C9F1D1BA61E0000D18E /* Assets.xcassets */ = {isa = PBXFileReference; lastKnownFileType = folder.assetcatalog; path = Assets.xcassets; sourceTree = "<group>"; };
		B0A78CA21D1BA61E0000D18E /* Base */ = {isa = PBXFileReference; lastKnownFileType = file.storyboard; name = Base; path = Base.lproj/LaunchScreen.storyboard; sourceTree = "<group>"; };
		B0A78CA41D1BA61E0000D18E /* Info.plist */ = {isa = PBXFileReference; lastKnownFileType = text.plist.xml; path = Info.plist; sourceTree = "<group>"; };
		B0A78CA91D1BA61E0000D18E /* TabbarControllerDoubleClickTests.xctest */ = {isa = PBXFileReference; explicitFileType = wrapper.cfbundle; includeInIndex = 0; path = TabbarControllerDoubleClickTests.xctest; sourceTree = BUILT_PRODUCTS_DIR; };
		B0A78CAD1D1BA61E0000D18E /* TabbarControllerDoubleClickTests.swift */ = {isa = PBXFileReference; lastKnownFileType = sourcecode.swift; path = TabbarControllerDoubleClickTests.swift; sourceTree = "<group>"; };
		B0A78CAF1D1BA61E0000D18E /* Info.plist */ = {isa = PBXFileReference; lastKnownFileType = text.plist.xml; path = Info.plist; sourceTree = "<group>"; };
		B0A78CB41D1BA61E0000D18E /* TabbarControllerDoubleClickUITests.xctest */ = {isa = PBXFileReference; explicitFileType = wrapper.cfbundle; includeInIndex = 0; path = TabbarControllerDoubleClickUITests.xctest; sourceTree = BUILT_PRODUCTS_DIR; };
		B0A78CB81D1BA61E0000D18E /* TabbarControllerDoubleClickUITests.swift */ = {isa = PBXFileReference; lastKnownFileType = sourcecode.swift; path = TabbarControllerDoubleClickUITests.swift; sourceTree = "<group>"; };
		B0A78CBA1D1BA61E0000D18E /* Info.plist */ = {isa = PBXFileReference; lastKnownFileType = text.plist.xml; path = Info.plist; sourceTree = "<group>"; };
		B0A78CC61D1BC3A30000D18E /* AViewController.swift */ = {isa = PBXFileReference; fileEncoding = 4; lastKnownFileType = sourcecode.swift; path = AViewController.swift; sourceTree = "<group>"; };
		B0A78CC81D1BC3AA0000D18E /* BViewController.swift */ = {isa = PBXFileReference; fileEncoding = 4; lastKnownFileType = sourcecode.swift; path = BViewController.swift; sourceTree = "<group>"; };
		B0A78CCA1D1BDEB00000D18E /* AnimationView.swift */ = {isa = PBXFileReference; fileEncoding = 4; lastKnownFileType = sourcecode.swift; path = AnimationView.swift; sourceTree = "<group>"; };
		B0A78CCC1D1BDEEE0000D18E /* CircleLayer.swift */ = {isa = PBXFileReference; fileEncoding = 4; lastKnownFileType = sourcecode.swift; path = CircleLayer.swift; sourceTree = "<group>"; };
		B0A78CCE1D1BEB0F0000D18E /* RectangleLayer.swift */ = {isa = PBXFileReference; fileEncoding = 4; lastKnownFileType = sourcecode.swift; path = RectangleLayer.swift; sourceTree = "<group>"; };
		B0A78CD01D1BF9050000D18E /* TriangleLayer.swift */ = {isa = PBXFileReference; fileEncoding = 4; lastKnownFileType = sourcecode.swift; path = TriangleLayer.swift; sourceTree = "<group>"; };
		B0A78CD21D1C021A0000D18E /* WaveLayer.swift */ = {isa = PBXFileReference; fileEncoding = 4; lastKnownFileType = sourcecode.swift; path = WaveLayer.swift; sourceTree = "<group>"; };
		B0A78CD61D1CDC110000D18E /* CHFreshLayer.swift */ = {isa = PBXFileReference; fileEncoding = 4; lastKnownFileType = sourcecode.swift; path = CHFreshLayer.swift; sourceTree = "<group>"; };
		B0A78CD81D1CDC340000D18E /* CHBossHeaderView.swift */ = {isa = PBXFileReference; fileEncoding = 4; lastKnownFileType = sourcecode.swift; path = CHBossHeaderView.swift; sourceTree = "<group>"; };
		C6F7713FCF1B2E78F7DD43ED /* Pods_TabbarControllerDoubleClick.framework */ = {isa = PBXFileReference; explicitFileType = wrapper.framework; includeInIndex = 0; path = Pods_TabbarControllerDoubleClick.framework; sourceTree = BUILT_PRODUCTS_DIR; };
		EDAC2BEC5E6088920AFC3287 /* Pods-TabbarControllerDoubleClick.debug.xcconfig */ = {isa = PBXFileReference; includeInIndex = 1; lastKnownFileType = text.xcconfig; name = "Pods-TabbarControllerDoubleClick.debug.xcconfig"; path = "Pods/Target Support Files/Pods-TabbarControllerDoubleClick/Pods-TabbarControllerDoubleClick.debug.xcconfig"; sourceTree = "<group>"; };
/* End PBXFileReference section */

/* Begin PBXFrameworksBuildPhase section */
		B0A78C921D1BA61E0000D18E /* Frameworks */ = {
			isa = PBXFrameworksBuildPhase;
			buildActionMask = 2147483647;
			files = (
				DFC050BCAAB22B3355BF56D1 /* Pods_TabbarControllerDoubleClick.framework in Frameworks */,
			);
			runOnlyForDeploymentPostprocessing = 0;
		};
		B0A78CA61D1BA61E0000D18E /* Frameworks */ = {
			isa = PBXFrameworksBuildPhase;
			buildActionMask = 2147483647;
			files = (
			);
			runOnlyForDeploymentPostprocessing = 0;
		};
		B0A78CB11D1BA61E0000D18E /* Frameworks */ = {
			isa = PBXFrameworksBuildPhase;
			buildActionMask = 2147483647;
			files = (
			);
			runOnlyForDeploymentPostprocessing = 0;
		};
/* End PBXFrameworksBuildPhase section */

/* Begin PBXGroup section */
		2946A3262C18163424122238 /* Pods */ = {
			isa = PBXGroup;
			children = (
				EDAC2BEC5E6088920AFC3287 /* Pods-TabbarControllerDoubleClick.debug.xcconfig */,
				76F0E4CBCF8A417C20338516 /* Pods-TabbarControllerDoubleClick.release.xcconfig */,
			);
			name = Pods;
			sourceTree = "<group>";
		};
		B0A78C8C1D1BA61E0000D18E = {
			isa = PBXGroup;
			children = (
				B0A78C971D1BA61E0000D18E /* TabbarControllerDoubleClick */,
				B0A78CAC1D1BA61E0000D18E /* TabbarControllerDoubleClickTests */,
				B0A78CB71D1BA61E0000D18E /* TabbarControllerDoubleClickUITests */,
				B0A78C961D1BA61E0000D18E /* Products */,
				2946A3262C18163424122238 /* Pods */,
				C0C78128AF87F4CF9BCEF430 /* Frameworks */,
			);
			sourceTree = "<group>";
		};
		B0A78C961D1BA61E0000D18E /* Products */ = {
			isa = PBXGroup;
			children = (
				B0A78C951D1BA61E0000D18E /* TabbarControllerDoubleClick.app */,
				B0A78CA91D1BA61E0000D18E /* TabbarControllerDoubleClickTests.xctest */,
				B0A78CB41D1BA61E0000D18E /* TabbarControllerDoubleClickUITests.xctest */,
			);
			name = Products;
			sourceTree = "<group>";
		};
		B0A78C971D1BA61E0000D18E /* TabbarControllerDoubleClick */ = {
			isa = PBXGroup;
			children = (
				B0A78C981D1BA61E0000D18E /* AppDelegate.swift */,
				B0A78C9A1D1BA61E0000D18E /* ViewController.swift */,
				B0A78CD51D1CDBE80000D18E /* CHRefresh */,
				B0A78CD41D1CDBD30000D18E /* AnimationLayer */,
				B0A78CC61D1BC3A30000D18E /* AViewController.swift */,
				B0A78CC81D1BC3AA0000D18E /* BViewController.swift */,
				B0A78C9F1D1BA61E0000D18E /* Assets.xcassets */,
				B0A78CA11D1BA61E0000D18E /* LaunchScreen.storyboard */,
				B0A78CA41D1BA61E0000D18E /* Info.plist */,
			);
			path = TabbarControllerDoubleClick;
			sourceTree = "<group>";
		};
		B0A78CAC1D1BA61E0000D18E /* TabbarControllerDoubleClickTests */ = {
			isa = PBXGroup;
			children = (
				B0A78CAD1D1BA61E0000D18E /* TabbarControllerDoubleClickTests.swift */,
				B0A78CAF1D1BA61E0000D18E /* Info.plist */,
			);
			path = TabbarControllerDoubleClickTests;
			sourceTree = "<group>";
		};
		B0A78CB71D1BA61E0000D18E /* TabbarControllerDoubleClickUITests */ = {
			isa = PBXGroup;
			children = (
				B0A78CB81D1BA61E0000D18E /* TabbarControllerDoubleClickUITests.swift */,
				B0A78CBA1D1BA61E0000D18E /* Info.plist */,
			);
			path = TabbarControllerDoubleClickUITests;
			sourceTree = "<group>";
		};
		B0A78CD41D1CDBD30000D18E /* AnimationLayer */ = {
			isa = PBXGroup;
			children = (
				B0A78CCA1D1BDEB00000D18E /* AnimationView.swift */,
				B0A78CCC1D1BDEEE0000D18E /* CircleLayer.swift */,
				B0A78CCE1D1BEB0F0000D18E /* RectangleLayer.swift */,
				B0A78CD01D1BF9050000D18E /* TriangleLayer.swift */,
				B0A78CD21D1C021A0000D18E /* WaveLayer.swift */,
			);
			name = AnimationLayer;
			sourceTree = "<group>";
		};
		B0A78CD51D1CDBE80000D18E /* CHRefresh */ = {
			isa = PBXGroup;
			children = (
				B0A78CD61D1CDC110000D18E /* CHFreshLayer.swift */,
				B0A78CD81D1CDC340000D18E /* CHBossHeaderView.swift */,
			);
			name = CHRefresh;
			sourceTree = "<group>";
		};
		C0C78128AF87F4CF9BCEF430 /* Frameworks */ = {
			isa = PBXGroup;
			children = (
				C6F7713FCF1B2E78F7DD43ED /* Pods_TabbarControllerDoubleClick.framework */,
			);
			name = Frameworks;
			sourceTree = "<group>";
		};
/* End PBXGroup section */

/* Begin PBXNativeTarget section */
		B0A78C941D1BA61E0000D18E /* TabbarControllerDoubleClick */ = {
			isa = PBXNativeTarget;
			buildConfigurationList = B0A78CBD1D1BA61E0000D18E /* Build configuration list for PBXNativeTarget "TabbarControllerDoubleClick" */;
			buildPhases = (
				C6A1ACDC0D17ED0FF914D3AB /* Check Pods Manifest.lock */,
				B0A78C911D1BA61E0000D18E /* Sources */,
				B0A78C921D1BA61E0000D18E /* Frameworks */,
				B0A78C931D1BA61E0000D18E /* Resources */,
				A5116DDADB0F8AA551228EBF /* Embed Pods Frameworks */,
				FF925C5A95C21D784D60B0BC /* Copy Pods Resources */,
			);
			buildRules = (
			);
			dependencies = (
			);
			name = TabbarControllerDoubleClick;
			productName = TabbarControllerDoubleClick;
			productReference = B0A78C951D1BA61E0000D18E /* TabbarControllerDoubleClick.app */;
			productType = "com.apple.product-type.application";
		};
		B0A78CA81D1BA61E0000D18E /* TabbarControllerDoubleClickTests */ = {
			isa = PBXNativeTarget;
			buildConfigurationList = B0A78CC01D1BA61E0000D18E /* Build configuration list for PBXNativeTarget "TabbarControllerDoubleClickTests" */;
			buildPhases = (
				B0A78CA51D1BA61E0000D18E /* Sources */,
				B0A78CA61D1BA61E0000D18E /* Frameworks */,
				B0A78CA71D1BA61E0000D18E /* Resources */,
			);
			buildRules = (
			);
			dependencies = (
				B0A78CAB1D1BA61E0000D18E /* PBXTargetDependency */,
			);
			name = TabbarControllerDoubleClickTests;
			productName = TabbarControllerDoubleClickTests;
			productReference = B0A78CA91D1BA61E0000D18E /* TabbarControllerDoubleClickTests.xctest */;
			productType = "com.apple.product-type.bundle.unit-test";
		};
		B0A78CB31D1BA61E0000D18E /* TabbarControllerDoubleClickUITests */ = {
			isa = PBXNativeTarget;
			buildConfigurationList = B0A78CC31D1BA61E0000D18E /* Build configuration list for PBXNativeTarget "TabbarControllerDoubleClickUITests" */;
			buildPhases = (
				B0A78CB01D1BA61E0000D18E /* Sources */,
				B0A78CB11D1BA61E0000D18E /* Frameworks */,
				B0A78CB21D1BA61E0000D18E /* Resources */,
			);
			buildRules = (
			);
			dependencies = (
				B0A78CB61D1BA61E0000D18E /* PBXTargetDependency */,
			);
			name = TabbarControllerDoubleClickUITests;
			productName = TabbarControllerDoubleClickUITests;
			productReference = B0A78CB41D1BA61E0000D18E /* TabbarControllerDoubleClickUITests.xctest */;
			productType = "com.apple.product-type.bundle.ui-testing";
		};
/* End PBXNativeTarget section */

/* Begin PBXProject section */
		B0A78C8D1D1BA61E0000D18E /* Project object */ = {
			isa = PBXProject;
			attributes = {
				LastSwiftUpdateCheck = 0730;
				LastUpgradeCheck = 0730;
				ORGANIZATIONNAME = chuqingr;
				TargetAttributes = {
					B0A78C941D1BA61E0000D18E = {
						CreatedOnToolsVersion = 7.3.1;
					};
					B0A78CA81D1BA61E0000D18E = {
						CreatedOnToolsVersion = 7.3.1;
						TestTargetID = B0A78C941D1BA61E0000D18E;
					};
					B0A78CB31D1BA61E0000D18E = {
						CreatedOnToolsVersion = 7.3.1;
						TestTargetID = B0A78C941D1BA61E0000D18E;
					};
				};
			};
			buildConfigurationList = B0A78C901D1BA61E0000D18E /* Build configuration list for PBXProject "TabbarControllerDoubleClick" */;
			compatibilityVersion = "Xcode 3.2";
			developmentRegion = English;
			hasScannedForEncodings = 0;
			knownRegions = (
				en,
				Base,
			);
			mainGroup = B0A78C8C1D1BA61E0000D18E;
			productRefGroup = B0A78C961D1BA61E0000D18E /* Products */;
			projectDirPath = "";
			projectRoot = "";
			targets = (
				B0A78C941D1BA61E0000D18E /* TabbarControllerDoubleClick */,
				B0A78CA81D1BA61E0000D18E /* TabbarControllerDoubleClickTests */,
				B0A78CB31D1BA61E0000D18E /* TabbarControllerDoubleClickUITests */,
			);
		};
/* End PBXProject section */

/* Begin PBXResourcesBuildPhase section */
		B0A78C931D1BA61E0000D18E /* Resources */ = {
			isa = PBXResourcesBuildPhase;
			buildActionMask = 2147483647;
			files = (
				B0A78CA31D1BA61E0000D18E /* LaunchScreen.storyboard in Resources */,
				B0A78CA01D1BA61E0000D18E /* Assets.xcassets in Resources */,
			);
			runOnlyForDeploymentPostprocessing = 0;
		};
		B0A78CA71D1BA61E0000D18E /* Resources */ = {
			isa = PBXResourcesBuildPhase;
			buildActionMask = 2147483647;
			files = (
			);
			runOnlyForDeploymentPostprocessing = 0;
		};
		B0A78CB21D1BA61E0000D18E /* Resources */ = {
			isa = PBXResourcesBuildPhase;
			buildActionMask = 2147483647;
			files = (
			);
			runOnlyForDeploymentPostprocessing = 0;
		};
/* End PBXResourcesBuildPhase section */

/* Begin PBXShellScriptBuildPhase section */
		A5116DDADB0F8AA551228EBF /* Embed Pods Frameworks */ = {
			isa = PBXShellScriptBuildPhase;
			buildActionMask = 2147483647;
			files = (
			);
			inputPaths = (
			);
			name = "Embed Pods Frameworks";
			outputPaths = (
			);
			runOnlyForDeploymentPostprocessing = 0;
			shellPath = /bin/sh;
			shellScript = "\"${SRCROOT}/Pods/Target Support Files/Pods-TabbarControllerDoubleClick/Pods-TabbarControllerDoubleClick-frameworks.sh\"\n";
			showEnvVarsInLog = 0;
		};
		C6A1ACDC0D17ED0FF914D3AB /* Check Pods Manifest.lock */ = {
			isa = PBXShellScriptBuildPhase;
			buildActionMask = 2147483647;
			files = (
			);
			inputPaths = (
			);
			name = "Check Pods Manifest.lock";
			outputPaths = (
			);
			runOnlyForDeploymentPostprocessing = 0;
			shellPath = /bin/sh;
			shellScript = "diff \"${PODS_ROOT}/../Podfile.lock\" \"${PODS_ROOT}/Manifest.lock\" > /dev/null\nif [[ $? != 0 ]] ; then\n    cat << EOM\nerror: The sandbox is not in sync with the Podfile.lock. Run 'pod install' or update your CocoaPods installation.\nEOM\n    exit 1\nfi\n";
			showEnvVarsInLog = 0;
		};
		FF925C5A95C21D784D60B0BC /* Copy Pods Resources */ = {
			isa = PBXShellScriptBuildPhase;
			buildActionMask = 2147483647;
			files = (
			);
			inputPaths = (
			);
			name = "Copy Pods Resources";
			outputPaths = (
			);
			runOnlyForDeploymentPostprocessing = 0;
			shellPath = /bin/sh;
			shellScript = "\"${SRCROOT}/Pods/Target Support Files/Pods-TabbarControllerDoubleClick/Pods-TabbarControllerDoubleClick-resources.sh\"\n";
			showEnvVarsInLog = 0;
		};
/* End PBXShellScriptBuildPhase section */

/* Begin PBXSourcesBuildPhase section */
		B0A78C911D1BA61E0000D18E /* Sources */ = {
			isa = PBXSourcesBuildPhase;
			buildActionMask = 2147483647;
			files = (
				B0A78CD91D1CDC340000D18E /* CHBossHeaderView.swift in Sources */,
				B0A78C9B1D1BA61E0000D18E /* ViewController.swift in Sources */,
				B0A78CD11D1BF9050000D18E /* TriangleLayer.swift in Sources */,
				B0A78CCD1D1BDEEE0000D18E /* CircleLayer.swift in Sources */,
				B0A78CCF1D1BEB0F0000D18E /* RectangleLayer.swift in Sources */,
				B0A78CCB1D1BDEB00000D18E /* AnimationView.swift in Sources */,
				B0A78CC91D1BC3AA0000D18E /* BViewController.swift in Sources */,
				B0A78CC71D1BC3A30000D18E /* AViewController.swift in Sources */,
				B0A78CD71D1CDC110000D18E /* CHFreshLayer.swift in Sources */,
				B0A78CD31D1C021A0000D18E /* WaveLayer.swift in Sources */,
				B0A78C991D1BA61E0000D18E /* AppDelegate.swift in Sources */,
			);
			runOnlyForDeploymentPostprocessing = 0;
		};
		B0A78CA51D1BA61E0000D18E /* Sources */ = {
			isa = PBXSourcesBuildPhase;
			buildActionMask = 2147483647;
			files = (
				B0A78CAE1D1BA61E0000D18E /* TabbarControllerDoubleClickTests.swift in Sources */,
			);
			runOnlyForDeploymentPostprocessing = 0;
		};
		B0A78CB01D1BA61E0000D18E /* Sources */ = {
			isa = PBXSourcesBuildPhase;
			buildActionMask = 2147483647;
			files = (
				B0A78CB91D1BA61E0000D18E /* TabbarControllerDoubleClickUITests.swift in Sources */,
			);
			runOnlyForDeploymentPostprocessing = 0;
		};
/* End PBXSourcesBuildPhase section */

/* Begin PBXTargetDependency section */
		B0A78CAB1D1BA61E0000D18E /* PBXTargetDependency */ = {
			isa = PBXTargetDependency;
			target = B0A78C941D1BA61E0000D18E /* TabbarControllerDoubleClick */;
			targetProxy = B0A78CAA1D1BA61E0000D18E /* PBXContainerItemProxy */;
		};
		B0A78CB61D1BA61E0000D18E /* PBXTargetDependency */ = {
			isa = PBXTargetDependency;
			target = B0A78C941D1BA61E0000D18E /* TabbarControllerDoubleClick */;
			targetProxy = B0A78CB51D1BA61E0000D18E /* PBXContainerItemProxy */;
		};
/* End PBXTargetDependency section */

/* Begin PBXVariantGroup section */
		B0A78CA11D1BA61E0000D18E /* LaunchScreen.storyboard */ = {
			isa = PBXVariantGroup;
			children = (
				B0A78CA21D1BA61E0000D18E /* Base */,
			);
			name = LaunchScreen.storyboard;
			sourceTree = "<group>";
		};
/* End PBXVariantGroup section */

/* Begin XCBuildConfiguration section */
		B0A78CBB1D1BA61E0000D18E /* Debug */ = {
			isa = XCBuildConfiguration;
			buildSettings = {
				ALWAYS_SEARCH_USER_PATHS = NO;
				CLANG_ANALYZER_NONNULL = YES;
				CLANG_CXX_LANGUAGE_STANDARD = "gnu++0x";
				CLANG_CXX_LIBRARY = "libc++";
				CLANG_ENABLE_MODULES = YES;
				CLANG_ENABLE_OBJC_ARC = YES;
				CLANG_WARN_BOOL_CONVERSION = YES;
				CLANG_WARN_CONSTANT_CONVERSION = YES;
				CLANG_WARN_DIRECT_OBJC_ISA_USAGE = YES_ERROR;
				CLANG_WARN_EMPTY_BODY = YES;
				CLANG_WARN_ENUM_CONVERSION = YES;
				CLANG_WARN_INT_CONVERSION = YES;
				CLANG_WARN_OBJC_ROOT_CLASS = YES_ERROR;
				CLANG_WARN_UNREACHABLE_CODE = YES;
				CLANG_WARN__DUPLICATE_METHOD_MATCH = YES;
				"CODE_SIGN_IDENTITY[sdk=iphoneos*]" = "iPhone Developer";
				COPY_PHASE_STRIP = NO;
				DEBUG_INFORMATION_FORMAT = dwarf;
				ENABLE_STRICT_OBJC_MSGSEND = YES;
				ENABLE_TESTABILITY = YES;
				GCC_C_LANGUAGE_STANDARD = gnu99;
				GCC_DYNAMIC_NO_PIC = NO;
				GCC_NO_COMMON_BLOCKS = YES;
				GCC_OPTIMIZATION_LEVEL = 0;
				GCC_PREPROCESSOR_DEFINITIONS = (
					"DEBUG=1",
					"$(inherited)",
				);
				GCC_WARN_64_TO_32_BIT_CONVERSION = YES;
				GCC_WARN_ABOUT_RETURN_TYPE = YES_ERROR;
				GCC_WARN_UNDECLARED_SELECTOR = YES;
				GCC_WARN_UNINITIALIZED_AUTOS = YES_AGGRESSIVE;
				GCC_WARN_UNUSED_FUNCTION = YES;
				GCC_WARN_UNUSED_VARIABLE = YES;
				IPHONEOS_DEPLOYMENT_TARGET = 9.3;
				MTL_ENABLE_DEBUG_INFO = YES;
				ONLY_ACTIVE_ARCH = YES;
				SDKROOT = iphoneos;
				SWIFT_OPTIMIZATION_LEVEL = "-Onone";
				TARGETED_DEVICE_FAMILY = "1,2";
			};
			name = Debug;
		};
		B0A78CBC1D1BA61E0000D18E /* Release */ = {
			isa = XCBuildConfiguration;
			buildSettings = {
				ALWAYS_SEARCH_USER_PATHS = NO;
				CLANG_ANALYZER_NONNULL = YES;
				CLANG_CXX_LANGUAGE_STANDARD = "gnu++0x";
				CLANG_CXX_LIBRARY = "libc++";
				CLANG_ENABLE_MODULES = YES;
				CLANG_ENABLE_OBJC_ARC = YES;
				CLANG_WARN_BOOL_CONVERSION = YES;
				CLANG_WARN_CONSTANT_CONVERSION = YES;
				CLANG_WARN_DIRECT_OBJC_ISA_USAGE = YES_ERROR;
				CLANG_WARN_EMPTY_BODY = YES;
				CLANG_WARN_ENUM_CONVERSION = YES;
				CLANG_WARN_INT_CONVERSION = YES;
				CLANG_WARN_OBJC_ROOT_CLASS = YES_ERROR;
				CLANG_WARN_UNREACHABLE_CODE = YES;
				CLANG_WARN__DUPLICATE_METHOD_MATCH = YES;
				"CODE_SIGN_IDENTITY[sdk=iphoneos*]" = "iPhone Developer";
				COPY_PHASE_STRIP = NO;
				DEBUG_INFORMATION_FORMAT = "dwarf-with-dsym";
				ENABLE_NS_ASSERTIONS = NO;
				ENABLE_STRICT_OBJC_MSGSEND = YES;
				GCC_C_LANGUAGE_STANDARD = gnu99;
				GCC_NO_COMMON_BLOCKS = YES;
				GCC_WARN_64_TO_32_BIT_CONVERSION = YES;
				GCC_WARN_ABOUT_RETURN_TYPE = YES_ERROR;
				GCC_WARN_UNDECLARED_SELECTOR = YES;
				GCC_WARN_UNINITIALIZED_AUTOS = YES_AGGRESSIVE;
				GCC_WARN_UNUSED_FUNCTION = YES;
				GCC_WARN_UNUSED_VARIABLE = YES;
				IPHONEOS_DEPLOYMENT_TARGET = 9.3;
				MTL_ENABLE_DEBUG_INFO = NO;
				SDKROOT = iphoneos;
				TARGETED_DEVICE_FAMILY = "1,2";
				VALIDATE_PRODUCT = YES;
			};
			name = Release;
		};
		B0A78CBE1D1BA61E0000D18E /* Debug */ = {
			isa = XCBuildConfiguration;
			baseConfigurationReference = EDAC2BEC5E6088920AFC3287 /* Pods-TabbarControllerDoubleClick.debug.xcconfig */;
			buildSettings = {
				ASSETCATALOG_COMPILER_APPICON_NAME = AppIcon;
				INFOPLIST_FILE = TabbarControllerDoubleClick/Info.plist;
				LD_RUNPATH_SEARCH_PATHS = "$(inherited) @executable_path/Frameworks";
				PRODUCT_BUNDLE_IDENTIFIER = tabbar.TabbarControllerDoubleClick;
				PRODUCT_NAME = "$(TARGET_NAME)";
			};
			name = Debug;
		};
		B0A78CBF1D1BA61E0000D18E /* Release */ = {
			isa = XCBuildConfiguration;
			baseConfigurationReference = 76F0E4CBCF8A417C20338516 /* Pods-TabbarControllerDoubleClick.release.xcconfig */;
			buildSettings = {
				ASSETCATALOG_COMPILER_APPICON_NAME = AppIcon;
				INFOPLIST_FILE = TabbarControllerDoubleClick/Info.plist;
				LD_RUNPATH_SEARCH_PATHS = "$(inherited) @executable_path/Frameworks";
				PRODUCT_BUNDLE_IDENTIFIER = tabbar.TabbarControllerDoubleClick;
				PRODUCT_NAME = "$(TARGET_NAME)";
			};
			name = Release;
		};
		B0A78CC11D1BA61E0000D18E /* Debug */ = {
			isa = XCBuildConfiguration;
			buildSettings = {
				BUNDLE_LOADER = "$(TEST_HOST)";
				INFOPLIST_FILE = TabbarControllerDoubleClickTests/Info.plist;
				LD_RUNPATH_SEARCH_PATHS = "$(inherited) @executable_path/Frameworks @loader_path/Frameworks";
				PRODUCT_BUNDLE_IDENTIFIER = tabbar.TabbarControllerDoubleClickTests;
				PRODUCT_NAME = "$(TARGET_NAME)";
				TEST_HOST = "$(BUILT_PRODUCTS_DIR)/TabbarControllerDoubleClick.app/TabbarControllerDoubleClick";
			};
			name = Debug;
		};
		B0A78CC21D1BA61E0000D18E /* Release */ = {
			isa = XCBuildConfiguration;
			buildSettings = {
				BUNDLE_LOADER = "$(TEST_HOST)";
				INFOPLIST_FILE = TabbarControllerDoubleClickTests/Info.plist;
				LD_RUNPATH_SEARCH_PATHS = "$(inherited) @executable_path/Frameworks @loader_path/Frameworks";
				PRODUCT_BUNDLE_IDENTIFIER = tabbar.TabbarControllerDoubleClickTests;
				PRODUCT_NAME = "$(TARGET_NAME)";
				TEST_HOST = "$(BUILT_PRODUCTS_DIR)/TabbarControllerDoubleClick.app/TabbarControllerDoubleClick";
			};
			name = Release;
		};
		B0A78CC41D1BA61E0000D18E /* Debug */ = {
			isa = XCBuildConfiguration;
			buildSettings = {
				INFOPLIST_FILE = TabbarControllerDoubleClickUITests/Info.plist;
				LD_RUNPATH_SEARCH_PATHS = "$(inherited) @executable_path/Frameworks @loader_path/Frameworks";
				PRODUCT_BUNDLE_IDENTIFIER = tabbar.TabbarControllerDoubleClickUITests;
				PRODUCT_NAME = "$(TARGET_NAME)";
				TEST_TARGET_NAME = TabbarControllerDoubleClick;
			};
			name = Debug;
		};
		B0A78CC51D1BA61E0000D18E /* Release */ = {
			isa = XCBuildConfiguration;
			buildSettings = {
				INFOPLIST_FILE = TabbarControllerDoubleClickUITests/Info.plist;
				LD_RUNPATH_SEARCH_PATHS = "$(inherited) @executable_path/Frameworks @loader_path/Frameworks";
				PRODUCT_BUNDLE_IDENTIFIER = tabbar.TabbarControllerDoubleClickUITests;
				PRODUCT_NAME = "$(TARGET_NAME)";
				TEST_TARGET_NAME = TabbarControllerDoubleClick;
			};
			name = Release;
		};
/* End XCBuildConfiguration section */

/* Begin XCConfigurationList section */
		B0A78C901D1BA61E0000D18E /* Build configuration list for PBXProject "TabbarControllerDoubleClick" */ = {
			isa = XCConfigurationList;
			buildConfigurations = (
				B0A78CBB1D1BA61E0000D18E /* Debug */,
				B0A78CBC1D1BA61E0000D18E /* Release */,
			);
			defaultConfigurationIsVisible = 0;
			defaultConfigurationName = Release;
		};
		B0A78CBD1D1BA61E0000D18E /* Build configuration list for PBXNativeTarget "TabbarControllerDoubleClick" */ = {
			isa = XCConfigurationList;
			buildConfigurations = (
				B0A78CBE1D1BA61E0000D18E /* Debug */,
				B0A78CBF1D1BA61E0000D18E /* Release */,
			);
			defaultConfigurationIsVisible = 0;
			defaultConfigurationName = Release;
		};
		B0A78CC01D1BA61E0000D18E /* Build configuration list for PBXNativeTarget "TabbarControllerDoubleClickTests" */ = {
			isa = XCConfigurationList;
			buildConfigurations = (
				B0A78CC11D1BA61E0000D18E /* Debug */,
				B0A78CC21D1BA61E0000D18E /* Release */,
			);
			defaultConfigurationIsVisible = 0;
			defaultConfigurationName = Release;
		};
		B0A78CC31D1BA61E0000D18E /* Build configuration list for PBXNativeTarget "TabbarControllerDoubleClickUITests" */ = {
			isa = XCConfigurationList;
			buildConfigurations = (
				B0A78CC41D1BA61E0000D18E /* Debug */,
				B0A78CC51D1BA61E0000D18E /* Release */,
			);
			defaultConfigurationIsVisible = 0;
			defaultConfigurationName = Release;
		};
/* End XCConfigurationList section */
	};
	rootObject = B0A78C8D1D1BA61E0000D18E /* Project object */;
}
