// !$*UTF8*$!
{
	archiveVersion = 1;
	classes = {
	};
	objectVersion = 46;
	objects = {

/* Begin PBXBuildFile section */
		B0A78C991D1BA61E0000D18E /* AppDelegate.swift in Sources */ = {isa = PBXBuildFile; fileRef = B0A78C981D1BA61E0000D18E /* AppDelegate.swift */; };
		B0A78C9B1D1BA61E0000D18E /* ViewController.swift in Sources */ = {isa = PBXBuildFile; fileRef = B0A78C9A1D1BA61E0000D18E /* ViewController.swift */; };
		B0A78C9E1D1BA61E0000D18E /* Main.storyboard in Resources */ = {isa = PBXBuildFile; fileRef = B0A78C9C1D1BA61E0000D18E /* Main.storyboard */; };
		B0A78CA01D1BA61E0000D18E /* Assets.xcassets in Resources */ = {isa = PBXBuildFile; fileRef = B0A78C9F1D1BA61E0000D18E /* Assets.xcassets */; };
		B0A78CA31D1BA61E0000D18E /* LaunchScreen.storyboard in Resources */ = {isa = PBXBuildFile; fileRef = B0A78CA11D1BA61E0000D18E /* LaunchScreen.storyboard */; };
		B0A78CAE1D1BA61E0000D18E /* TabbarControllerDoubleClickTests.swift in Sources */ = {isa = PBXBuildFile; fileRef = B0A78CAD1D1BA61E0000D18E /* TabbarControllerDoubleClickTests.swift */; };
		B0A78CB91D1BA61E0000D18E /* TabbarControllerDoubleClickUITests.swift in Sources */ = {isa = PBXBuildFile; fileRef = B0A78CB81D1BA61E0000D18E /* TabbarControllerDoubleClickUITests.swift */; };
/* End PBXBuildFile section */

/* Begin PBXContainerItemProxy section */
		B0A78CAA1D1BA61E0000D18E /* PBXContainerItemProxy */ = {
			isa = PBXContainerItemProxy;
			containerPortal = B0A78C8D1D1BA61E0000D18E /* Project object */;
			proxyType = 1;
			remoteGlobalIDString = B0A78C941D1BA61E0000D18E;
			remoteInfo = TabbarControllerDoubleClick;
		};
		B0A78CB51D1BA61E0000D18E /* PBXContainerItemProxy */ = {
			isa = PBXContainerItemProxy;
			containerPortal = B0A78C8D1D1BA61E0000D18E /* Project object */;
			proxyType = 1;
			remoteGlobalIDString = B0A78C941D1BA61E0000D18E;
			remoteInfo = TabbarControllerDoubleClick;
		};
/* End PBXContainerItemProxy section */

/* Begin PBXFileReference section */
		B0A78C951D1BA61E0000D18E /* TabbarControllerDoubleClick.app */ = {isa = PBXFileReference; explicitFileType = wrapper.application; includeInIndex = 0; path = TabbarControllerDoubleClick.app; sourceTree = BUILT_PRODUCTS_DIR; };
		B0A78C981D1BA61E0000D18E /* AppDelegate.swift */ = {isa = PBXFileReference; lastKnownFileType = sourcecode.swift; path = AppDelegate.swift; sourceTree = "<group>"; };
		B0A78C9A1D1BA61E0000D18E /* ViewController.swift */ = {isa = PBXFileReference; lastKnownFileType = sourcecode.swift; path = ViewController.swift; sourceTree = "<group>"; };
		B0A78C9D1D1BA61E0000D18E /* Base */ = {isa = PBXFileReference; lastKnownFileType = file.storyboard; name = Base; path = Base.lproj/Main.storyboard; sourceTree = "<group>"; };
		B0A78C9F1D1BA61E0000D18E /* Assets.xcassets */ = {isa = PBXFileReference; lastKnownFileType = folder.assetcatalog; path = Assets.xcassets; sourceTree = "<group>"; };
		B0A78CA21D1BA61E0000D18E /* Base */ = {isa = PBXFileReference; lastKnownFileType = file.storyboard; name = Base; path = Base.lproj/LaunchScreen.storyboard; sourceTree = "<group>"; };
		B0A78CA41D1BA61E0000D18E /* Info.plist */ = {isa = PBXFileReference; lastKnownFileType = text.plist.xml; path = Info.plist; sourceTree = "<group>"; };
		B0A78CA91D1BA61E0000D18E /* TabbarControllerDoubleClickTests.xctest */ = {isa = PBXFileReference; explicitFileType = wrapper.cfbundle; includeInIndex = 0; path = TabbarControllerDoubleClickTests.xctest; sourceTree = BUILT_PRODUCTS_DIR; };
		B0A78CAD1D1BA61E0000D18E /* TabbarControllerDoubleClickTests.swift */ = {isa = PBXFileReference; lastKnownFileType = sourcecode.swift; path = TabbarControllerDoubleClickTests.swift; sourceTree = "<group>"; };
		B0A78CAF1D1BA61E0000D18E /* Info.plist */ = {isa = PBXFileReference; lastKnownFileType = text.plist.xml; path = Info.plist; sourceTree = "<group>"; };
		B0A78CB41D1BA61E0000D18E /* TabbarControllerDoubleClickUITests.xctest */ = {isa = PBXFileReference; explicitFileType = wrapper.cfbundle; includeInIndex = 0; path = TabbarControllerDoubleClickUITests.xctest; sourceTree = BUILT_PRODUCTS_DIR; };
		B0A78CB81D1BA61E0000D18E /* TabbarControllerDoubleClickUITests.swift */ = {isa = PBXFileReference; lastKnownFileType = sourcecode.swift; path = TabbarControllerDoubleClickUITests.swift; sourceTree = "<group>"; };
		B0A78CBA1D1BA61E0000D18E /* Info.plist */ = {isa = PBXFileReference; lastKnownFileType = text.plist.xml; path = Info.plist; sourceTree = "<group>"; };
/* End PBXFileReference section */

/* Begin PBXFrameworksBuildPhase section */
		B0A78C921D1BA61E0000D18E /* Frameworks */ = {
			isa = PBXFrameworksBuildPhase;
			buildActionMask = 2147483647;
			files = (
			);
			runOnlyForDeploymentPostprocessing = 0;
		};
		B0A78CA61D1BA61E0000D18E /* Frameworks */ = {
			isa = PBXFrameworksBuildPhase;
			buildActionMask = 2147483647;
			files = (
			);
			runOnlyForDeploymentPostprocessing = 0;
		};
		B0A78CB11D1BA61E0000D18E /* Frameworks */ = {
			isa = PBXFrameworksBuildPhase;
			buildActionMask = 2147483647;
			files = (
			);
			runOnlyForDeploymentPostprocessing = 0;
		};
/* End PBXFrameworksBuildPhase section */

/* Begin PBXGroup section */
		B0A78C8C1D1BA61E0000D18E = {
			isa = PBXGroup;
			children = (
				B0A78C971D1BA61E0000D18E /* TabbarControllerDoubleClick */,
				B0A78CAC1D1BA61E0000D18E /* TabbarControllerDoubleClickTests */,
				B0A78CB71D1BA61E0000D18E /* TabbarControllerDoubleClickUITests */,
				B0A78C961D1BA61E0000D18E /* Products */,
			);
			sourceTree = "<group>";
		};
		B0A78C961D1BA61E0000D18E /* Products */ = {
			isa = PBXGroup;
			children = (
				B0A78C951D1BA61E0000D18E /* TabbarControllerDoubleClick.app */,
				B0A78CA91D1BA61E0000D18E /* TabbarControllerDoubleClickTests.xctest */,
				B0A78CB41D1BA61E0000D18E /* TabbarControllerDoubleClickUITests.xctest */,
			);
			name = Products;
			sourceTree = "<group>";
		};
		B0A78C971D1BA61E0000D18E /* TabbarControllerDoubleClick */ = {
			isa = PBXGroup;
			children = (
				B0A78C981D1BA61E0000D18E /* AppDelegate.swift */,
				B0A78C9A1D1BA61E0000D18E /* ViewController.swift */,
				B0A78C9C1D1BA61E0000D18E /* Main.storyboard */,
				B0A78C9F1D1BA61E0000D18E /* Assets.xcassets */,
				B0A78CA11D1BA61E0000D18E /* LaunchScreen.storyboard */,
				B0A78CA41D1BA61E0000D18E /* Info.plist */,
			);
			path = TabbarControllerDoubleClick;
			sourceTree = "<group>";
		};
		B0A78CAC1D1BA61E0000D18E /* TabbarControllerDoubleClickTests */ = {
			isa = PBXGroup;
			children = (
				B0A78CAD1D1BA61E0000D18E /* TabbarControllerDoubleClickTests.swift */,
				B0A78CAF1D1BA61E0000D18E /* Info.plist */,
			);
			path = TabbarControllerDoubleClickTests;
			sourceTree = "<group>";
		};
		B0A78CB71D1BA61E0000D18E /* TabbarControllerDoubleClickUITests */ = {
			isa = PBXGroup;
			children = (
				B0A78CB81D1BA61E0000D18E /* TabbarControllerDoubleClickUITests.swift */,
				B0A78CBA1D1BA61E0000D18E /* Info.plist */,
			);
			path = TabbarControllerDoubleClickUITests;
			sourceTree = "<group>";
		};
/* End PBXGroup section */

/* Begin PBXNativeTarget section */
		B0A78C941D1BA61E0000D18E /* TabbarControllerDoubleClick */ = {
			isa = PBXNativeTarget;
			buildConfigurationList = B0A78CBD1D1BA61E0000D18E /* Build configuration list for PBXNativeTarget "TabbarControllerDoubleClick" */;
			buildPhases = (
				B0A78C911D1BA61E0000D18E /* Sources */,
				B0A78C921D1BA61E0000D18E /* Frameworks */,
				B0A78C931D1BA61E0000D18E /* Resources */,
			);
			buildRules = (
			);
			dependencies = (
			);
			name = TabbarControllerDoubleClick;
			productName = TabbarControllerDoubleClick;
			productReference = B0A78C951D1BA61E0000D18E /* TabbarControllerDoubleClick.app */;
			productType = "com.apple.product-type.application";
		};
		B0A78CA81D1BA61E0000D18E /* TabbarControllerDoubleClickTests */ = {
			isa = PBXNativeTarget;
			buildConfigurationList = B0A78CC01D1BA61E0000D18E /* Build configuration list for PBXNativeTarget "TabbarControllerDoubleClickTests" */;
			buildPhases = (
				B0A78CA51D1BA61E0000D18E /* Sources */,
				B0A78CA61D1BA61E0000D18E /* Frameworks */,
				B0A78CA71D1BA61E0000D18E /* Resources */,
			);
			buildRules = (
			);
			dependencies = (
				B0A78CAB1D1BA61E0000D18E /* PBXTargetDependency */,
			);
			name = TabbarControllerDoubleClickTests;
			productName = TabbarControllerDoubleClickTests;
			productReference = B0A78CA91D1BA61E0000D18E /* TabbarControllerDoubleClickTests.xctest */;
			productType = "com.apple.product-type.bundle.unit-test";
		};
		B0A78CB31D1BA61E0000D18E /* TabbarControllerDoubleClickUITests */ = {
			isa = PBXNativeTarget;
			buildConfigurationList = B0A78CC31D1BA61E0000D18E /* Build configuration list for PBXNativeTarget "TabbarControllerDoubleClickUITests" */;
			buildPhases = (
				B0A78CB01D1BA61E0000D18E /* Sources */,
				B0A78CB11D1BA61E0000D18E /* Frameworks */,
				B0A78CB21D1BA61E0000D18E /* Resources */,
			);
			buildRules = (
			);
			dependencies = (
				B0A78CB61D1BA61E0000D18E /* PBXTargetDependency */,
			);
			name = TabbarControllerDoubleClickUITests;
			productName = TabbarControllerDoubleClickUITests;
			productReference = B0A78CB41D1BA61E0000D18E /* TabbarControllerDoubleClickUITests.xctest */;
			productType = "com.apple.product-type.bundle.ui-testing";
		};
/* End PBXNativeTarget section */

/* Begin PBXProject section */
		B0A78C8D1D1BA61E0000D18E /* Project object */ = {
			isa = PBXProject;
			attributes = {
				LastSwiftUpdateCheck = 0730;
				LastUpgradeCheck = 0730;
				ORGANIZATIONNAME = chuqingr;
				TargetAttributes = {
					B0A78C941D1BA61E0000D18E = {
						CreatedOnToolsVersion = 7.3.1;
					};
					B0A78CA81D1BA61E0000D18E = {
						CreatedOnToolsVersion = 7.3.1;
						TestTargetID = B0A78C941D1BA61E0000D18E;
					};
					B0A78CB31D1BA61E0000D18E = {
						CreatedOnToolsVersion = 7.3.1;
						TestTargetID = B0A78C941D1BA61E0000D18E;
					};
				};
			};
			buildConfigurationList = B0A78C901D1BA61E0000D18E /* Build configuration list for PBXProject "TabbarControllerDoubleClick" */;
			compatibilityVersion = "Xcode 3.2";
			developmentRegion = English;
			hasScannedForEncodings = 0;
			knownRegions = (
				en,
				Base,
			);
			mainGroup = B0A78C8C1D1BA61E0000D18E;
			productRefGroup = B0A78C961D1BA61E0000D18E /* Products */;
			projectDirPath = "";
			projectRoot = "";
			targets = (
				B0A78C941D1BA61E0000D18E /* TabbarControllerDoubleClick */,
				B0A78CA81D1BA61E0000D18E /* TabbarControllerDoubleClickTests */,
				B0A78CB31D1BA61E0000D18E /* TabbarControllerDoubleClickUITests */,
			);
		};
/* End PBXProject section */

/* Begin PBXResourcesBuildPhase section */
		B0A78C931D1BA61E0000D18E /* Resources */ = {
			isa = PBXResourcesBuildPhase;
			buildActionMask = 2147483647;
			files = (
				B0A78CA31D1BA61E0000D18E /* LaunchScreen.storyboard in Resources */,
				B0A78CA01D1BA61E0000D18E /* Assets.xcassets in Resources */,
				B0A78C9E1D1BA61E0000D18E /* Main.storyboard in Resources */,
			);
			runOnlyForDeploymentPostprocessing = 0;
		};
		B0A78CA71D1BA61E0000D18E /* Resources */ = {
			isa = PBXResourcesBuildPhase;
			buildActionMask = 2147483647;
			files = (
			);
			runOnlyForDeploymentPostprocessing = 0;
		};
		B0A78CB21D1BA61E0000D18E /* Resources */ = {
			isa = PBXResourcesBuildPhase;
			buildActionMask = 2147483647;
			files = (
			);
			runOnlyForDeploymentPostprocessing = 0;
		};
/* End PBXResourcesBuildPhase section */

/* Begin PBXSourcesBuildPhase section */
		B0A78C911D1BA61E0000D18E /* Sources */ = {
			isa = PBXSourcesBuildPhase;
			buildActionMask = 2147483647;
			files = (
				B0A78C9B1D1BA61E0000D18E /* ViewController.swift in Sources */,
				B0A78C991D1BA61E0000D18E /* AppDelegate.swift in Sources */,
			);
			runOnlyForDeploymentPostprocessing = 0;
		};
		B0A78CA51D1BA61E0000D18E /* Sources */ = {
			isa = PBXSourcesBuildPhase;
			buildActionMask = 2147483647;
			files = (
				B0A78CAE1D1BA61E0000D18E /* TabbarControllerDoubleClickTests.swift in Sources */,
			);
			runOnlyForDeploymentPostprocessing = 0;
		};
		B0A78CB01D1BA61E0000D18E /* Sources */ = {
			isa = PBXSourcesBuildPhase;
			buildActionMask = 2147483647;
			files = (
				B0A78CB91D1BA61E0000D18E /* TabbarControllerDoubleClickUITests.swift in Sources */,
			);
			runOnlyForDeploymentPostprocessing = 0;
		};
/* End PBXSourcesBuildPhase section */

/* Begin PBXTargetDependency section */
		B0A78CAB1D1BA61E0000D18E /* PBXTargetDependency */ = {
			isa = PBXTargetDependency;
			target = B0A78C941D1BA61E0000D18E /* TabbarControllerDoubleClick */;
			targetProxy = B0A78CAA1D1BA61E0000D18E /* PBXContainerItemProxy */;
		};
		B0A78CB61D1BA61E0000D18E /* PBXTargetDependency */ = {
			isa = PBXTargetDependency;
			target = B0A78C941D1BA61E0000D18E /* TabbarControllerDoubleClick */;
			targetProxy = B0A78CB51D1BA61E0000D18E /* PBXContainerItemProxy */;
		};
/* End PBXTargetDependency section */

/* Begin PBXVariantGroup section */
		B0A78C9C1D1BA61E0000D18E /* Main.storyboard */ = {
			isa = PBXVariantGroup;
			children = (
				B0A78C9D1D1BA61E0000D18E /* Base */,
			);
			name = Main.storyboard;
			sourceTree = "<group>";
		};
		B0A78CA11D1BA61E0000D18E /* LaunchScreen.storyboard */ = {
			isa = PBXVariantGroup;
			children = (
				B0A78CA21D1BA61E0000D18E /* Base */,
			);
			name = LaunchScreen.storyboard;
			sourceTree = "<group>";
		};
/* End PBXVariantGroup section */

/* Begin XCBuildConfiguration section */
		B0A78CBB1D1BA61E0000D18E /* Debug */ = {
			isa = XCBuildConfiguration;
			buildSettings = {
				ALWAYS_SEARCH_USER_PATHS = NO;
				CLANG_ANALYZER_NONNULL = YES;
				CLANG_CXX_LANGUAGE_STANDARD = "gnu++0x";
				CLANG_CXX_LIBRARY = "libc++";
				CLANG_ENABLE_MODULES = YES;
				CLANG_ENABLE_OBJC_ARC = YES;
				CLANG_WARN_BOOL_CONVERSION = YES;
				CLANG_WARN_CONSTANT_CONVERSION = YES;
				CLANG_WARN_DIRECT_OBJC_ISA_USAGE = YES_ERROR;
				CLANG_WARN_EMPTY_BODY = YES;
				CLANG_WARN_ENUM_CONVERSION = YES;
				CLANG_WARN_INT_CONVERSION = YES;
				CLANG_WARN_OBJC_ROOT_CLASS = YES_ERROR;
				CLANG_WARN_UNREACHABLE_CODE = YES;
				CLANG_WARN__DUPLICATE_METHOD_MATCH = YES;
				"CODE_SIGN_IDENTITY[sdk=iphoneos*]" = "iPhone Developer";
				COPY_PHASE_STRIP = NO;
				DEBUG_INFORMATION_FORMAT = dwarf;
				ENABLE_STRICT_OBJC_MSGSEND = YES;
				ENABLE_TESTABILITY = YES;
				GCC_C_LANGUAGE_STANDARD = gnu99;
				GCC_DYNAMIC_NO_PIC = NO;
				GCC_NO_COMMON_BLOCKS = YES;
				GCC_OPTIMIZATION_LEVEL = 0;
				GCC_PREPROCESSOR_DEFINITIONS = (
					"DEBUG=1",
					"$(inherited)",
				);
				GCC_WARN_64_TO_32_BIT_CONVERSION = YES;
				GCC_WARN_ABOUT_RETURN_TYPE = YES_ERROR;
				GCC_WARN_UNDECLARED_SELECTOR = YES;
				GCC_WARN_UNINITIALIZED_AUTOS = YES_AGGRESSIVE;
				GCC_WARN_UNUSED_FUNCTION = YES;
				GCC_WARN_UNUSED_VARIABLE = YES;
				IPHONEOS_DEPLOYMENT_TARGET = 9.3;
				MTL_ENABLE_DEBUG_INFO = YES;
				ONLY_ACTIVE_ARCH = YES;
				SDKROOT = iphoneos;
				SWIFT_OPTIMIZATION_LEVEL = "-Onone";
				TARGETED_DEVICE_FAMILY = "1,2";
			};
			name = Debug;
		};
		B0A78CBC1D1BA61E0000D18E /* Release */ = {
			isa = XCBuildConfiguration;
			buildSettings = {
				ALWAYS_SEARCH_USER_PATHS = NO;
				CLANG_ANALYZER_NONNULL = YES;
				CLANG_CXX_LANGUAGE_STANDARD = "gnu++0x";
				CLANG_CXX_LIBRARY = "libc++";
				CLANG_ENABLE_MODULES = YES;
				CLANG_ENABLE_OBJC_ARC = YES;
				CLANG_WARN_BOOL_CONVERSION = YES;
				CLANG_WARN_CONSTANT_CONVERSION = YES;
				CLANG_WARN_DIRECT_OBJC_ISA_USAGE = YES_ERROR;
				CLANG_WARN_EMPTY_BODY = YES;
				CLANG_WARN_ENUM_CONVERSION = YES;
				CLANG_WARN_INT_CONVERSION = YES;
				CLANG_WARN_OBJC_ROOT_CLASS = YES_ERROR;
				CLANG_WARN_UNREACHABLE_CODE = YES;
				CLANG_WARN__DUPLICATE_METHOD_MATCH = YES;
				"CODE_SIGN_IDENTITY[sdk=iphoneos*]" = "iPhone Developer";
				COPY_PHASE_STRIP = NO;
				DEBUG_INFORMATION_FORMAT = "dwarf-with-dsym";
				ENABLE_NS_ASSERTIONS = NO;
				ENABLE_STRICT_OBJC_MSGSEND = YES;
				GCC_C_LANGUAGE_STANDARD = gnu99;
				GCC_NO_COMMON_BLOCKS = YES;
				GCC_WARN_64_TO_32_BIT_CONVERSION = YES;
				GCC_WARN_ABOUT_RETURN_TYPE = YES_ERROR;
				GCC_WARN_UNDECLARED_SELECTOR = YES;
				GCC_WARN_UNINITIALIZED_AUTOS = YES_AGGRESSIVE;
				GCC_WARN_UNUSED_FUNCTION = YES;
				GCC_WARN_UNUSED_VARIABLE = YES;
				IPHONEOS_DEPLOYMENT_TARGET = 9.3;
				MTL_ENABLE_DEBUG_INFO = NO;
				SDKROOT = iphoneos;
				TARGETED_DEVICE_FAMILY = "1,2";
				VALIDATE_PRODUCT = YES;
			};
			name = Release;
		};
		B0A78CBE1D1BA61E0000D18E /* Debug */ = {
			isa = XCBuildConfiguration;
			buildSettings = {
				ASSETCATALOG_COMPILER_APPICON_NAME = AppIcon;
				INFOPLIST_FILE = TabbarControllerDoubleClick/Info.plist;
				LD_RUNPATH_SEARCH_PATHS = "$(inherited) @executable_path/Frameworks";
				PRODUCT_BUNDLE_IDENTIFIER = tabbar.TabbarControllerDoubleClick;
				PRODUCT_NAME = "$(TARGET_NAME)";
			};
			name = Debug;
		};
		B0A78CBF1D1BA61E0000D18E /* Release */ = {
			isa = XCBuildConfiguration;
			buildSettings = {
				ASSETCATALOG_COMPILER_APPICON_NAME = AppIcon;
				INFOPLIST_FILE = TabbarControllerDoubleClick/Info.plist;
				LD_RUNPATH_SEARCH_PATHS = "$(inherited) @executable_path/Frameworks";
				PRODUCT_BUNDLE_IDENTIFIER = tabbar.TabbarControllerDoubleClick;
				PRODUCT_NAME = "$(TARGET_NAME)";
			};
			name = Release;
		};
		B0A78CC11D1BA61E0000D18E /* Debug */ = {
			isa = XCBuildConfiguration;
			buildSettings = {
				BUNDLE_LOADER = "$(TEST_HOST)";
				INFOPLIST_FILE = TabbarControllerDoubleClickTests/Info.plist;
				LD_RUNPATH_SEARCH_PATHS = "$(inherited) @executable_path/Frameworks @loader_path/Frameworks";
				PRODUCT_BUNDLE_IDENTIFIER = tabbar.TabbarControllerDoubleClickTests;
				PRODUCT_NAME = "$(TARGET_NAME)";
				TEST_HOST = "$(BUILT_PRODUCTS_DIR)/TabbarControllerDoubleClick.app/TabbarControllerDoubleClick";
			};
			name = Debug;
		};
		B0A78CC21D1BA61E0000D18E /* Release */ = {
			isa = XCBuildConfiguration;
			buildSettings = {
				BUNDLE_LOADER = "$(TEST_HOST)";
				INFOPLIST_FILE = TabbarControllerDoubleClickTests/Info.plist;
				LD_RUNPATH_SEARCH_PATHS = "$(inherited) @executable_path/Frameworks @loader_path/Frameworks";
				PRODUCT_BUNDLE_IDENTIFIER = tabbar.TabbarControllerDoubleClickTests;
				PRODUCT_NAME = "$(TARGET_NAME)";
				TEST_HOST = "$(BUILT_PRODUCTS_DIR)/TabbarControllerDoubleClick.app/TabbarControllerDoubleClick";
			};
			name = Release;
		};
		B0A78CC41D1BA61E0000D18E /* Debug */ = {
			isa = XCBuildConfiguration;
			buildSettings = {
				INFOPLIST_FILE = TabbarControllerDoubleClickUITests/Info.plist;
				LD_RUNPATH_SEARCH_PATHS = "$(inherited) @executable_path/Frameworks @loader_path/Frameworks";
				PRODUCT_BUNDLE_IDENTIFIER = tabbar.TabbarControllerDoubleClickUITests;
				PRODUCT_NAME = "$(TARGET_NAME)";
				TEST_TARGET_NAME = TabbarControllerDoubleClick;
			};
			name = Debug;
		};
		B0A78CC51D1BA61E0000D18E /* Release */ = {
			isa = XCBuildConfiguration;
			buildSettings = {
				INFOPLIST_FILE = TabbarControllerDoubleClickUITests/Info.plist;
				LD_RUNPATH_SEARCH_PATHS = "$(inherited) @executable_path/Frameworks @loader_path/Frameworks";
				PRODUCT_BUNDLE_IDENTIFIER = tabbar.TabbarControllerDoubleClickUITests;
				PRODUCT_NAME = "$(TARGET_NAME)";
				TEST_TARGET_NAME = TabbarControllerDoubleClick;
			};
			name = Release;
		};
/* End XCBuildConfiguration section */

/* Begin XCConfigurationList section */
		B0A78C901D1BA61E0000D18E /* Build configuration list for PBXProject "TabbarControllerDoubleClick" */ = {
			isa = XCConfigurationList;
			buildConfigurations = (
				B0A78CBB1D1BA61E0000D18E /* Debug */,
				B0A78CBC1D1BA61E0000D18E /* Release */,
			);
			defaultConfigurationIsVisible = 0;
			defaultConfigurationName = Release;
		};
		B0A78CBD1D1BA61E0000D18E /* Build configuration list for PBXNativeTarget "TabbarControllerDoubleClick" */ = {
			isa = XCConfigurationList;
			buildConfigurations = (
				B0A78CBE1D1BA61E0000D18E /* Debug */,
				B0A78CBF1D1BA61E0000D18E /* Release */,
			);
			defaultConfigurationIsVisible = 0;
		};
		B0A78CC01D1BA61E0000D18E /* Build configuration list for PBXNativeTarget "TabbarControllerDoubleClickTests" */ = {
			isa = XCConfigurationList;
			buildConfigurations = (
				B0A78CC11D1BA61E0000D18E /* Debug */,
				B0A78CC21D1BA61E0000D18E /* Release */,
			);
			defaultConfigurationIsVisible = 0;
		};
		B0A78CC31D1BA61E0000D18E /* Build configuration list for PBXNativeTarget "TabbarControllerDoubleClickUITests" */ = {
			isa = XCConfigurationList;
			buildConfigurations = (
				B0A78CC41D1BA61E0000D18E /* Debug */,
				B0A78CC51D1BA61E0000D18E /* Release */,
			);
			defaultConfigurationIsVisible = 0;
		};
/* End XCConfigurationList section */
	};
	rootObject = B0A78C8D1D1BA61E0000D18E /* Project object */;
}
